
Microsoft Visual Studio Solution File, Format Version 12.00
# Visual Studio Version 17
VisualStudioVersion = 17.14.36401.2 d17.14
MinimumVisualStudioVersion = 10.0.40219.1
Project("{FAE04EC0-301F-11D3-BF4B-00C04F79EFBC}") = "SuperCareServicesGroup", "SuperCareServicesGroup.csproj", "{1DB5DA48-4D86-47D6-A9EB-7C7FE68127B3}"
EndProject
Global
	GlobalSection(SolutionConfigurationPlatforms) = preSolution
		Debug|Any CPU = Debug|Any CPU
		Release|Any CPU = Release|Any CPU
	EndGlobalSection
	GlobalSection(ProjectConfigurationPlatforms) = postSolution
		{1DB5DA48-4D86-47D6-A9EB-7C7FE68127B3}.Debug|Any CPU.ActiveCfg = Debug|Any CPU
		{1DB5DA48-4D86-47D6-A9EB-7C7FE68127B3}.Debug|Any CPU.Build.0 = Debug|Any CPU
		{1DB5DA48-4D86-47D6-A9EB-7C7FE68127B3}.Release|Any CPU.ActiveCfg = Release|Any CPU
		{1DB5DA48-4D86-47D6-A9EB-7C7FE68127B3}.Release|Any CPU.Build.0 = Release|Any CPU
	EndGlobalSection
	GlobalSection(SolutionProperties) = preSolution
		HideSolutionNode = FALSE
	EndGlobalSection
	GlobalSection(ExtensibilityGlobals) = postSolution
		SolutionGuid = {59080FAC-0122-46E4-8941-7D0AFD4CAEDD}
	EndGlobalSection
EndGlobal
